
Microsoft Visual Studio Solution File, Format Version 12.00
# Visual Studio Version 16
VisualStudioVersion = 16.0.30330.147
MinimumVisualStudioVersion = 10.0.40219.1
Project("{FAE04EC0-301F-11D3-BF4B-00C04F79EFBC}") = "Bug Tracker", "Bug Tracker.csproj", "{88248013-7A1B-4A6B-AF25-2D7C1F09D396}"
EndProject
Global
	GlobalSection(SolutionConfigurationPlatforms) = preSolution
		Debug|Any CPU = Debug|Any CPU
		Release|Any CPU = Release|Any CPU
	EndGlobalSection
	GlobalSection(ProjectConfigurationPlatforms) = postSolution
		{88248013-7A1B-4A6B-AF25-2D7C1F09D396}.Debug|Any CPU.ActiveCfg = Debug|Any CPU
		{88248013-7A1B-4A6B-AF25-2D7C1F09D396}.Debug|Any CPU.Build.0 = Debug|Any CPU
		{88248013-7A1B-4A6B-AF25-2D7C1F09D396}.Release|Any CPU.ActiveCfg = Release|Any CPU
		{88248013-7A1B-4A6B-AF25-2D7C1F09D396}.Release|Any CPU.Build.0 = Release|Any CPU
	EndGlobalSection
	GlobalSection(SolutionProperties) = preSolution
		HideSolutionNode = FALSE
	EndGlobalSection
	GlobalSection(ExtensibilityGlobals) = postSolution
		SolutionGuid = {69576E0A-D97B-404B-937C-BB8A557BEB75}
	EndGlobalSection
EndGlobal
